
Microsoft Visual Studio Solution File, Format Version 10.00
# Visual Studio 2008
Project("{FAE04EC0-301F-11D3-BF4B-00C04F79EFBC}") = "Sitecore.VersionManager", "Sitecore.VersionManager.csproj", "{1A7724F7-D517-4B3B-A5DC-97C6DEF079DC}"
EndProject
Global
	GlobalSection(SolutionConfigurationPlatforms) = preSolution
		Debug|Any CPU = Debug|Any CPU
		Release|Any CPU = Release|Any CPU
	EndGlobalSection
	GlobalSection(ProjectConfigurationPlatforms) = postSolution
		{1A7724F7-D517-4B3B-A5DC-97C6DEF079DC}.Debug|Any CPU.ActiveCfg = Debug|Any CPU
		{1A7724F7-D517-4B3B-A5DC-97C6DEF079DC}.Debug|Any CPU.Build.0 = Debug|Any CPU
		{1A7724F7-D517-4B3B-A5DC-97C6DEF079DC}.Release|Any CPU.ActiveCfg = Release|Any CPU
		{1A7724F7-D517-4B3B-A5DC-97C6DEF079DC}.Release|Any CPU.Build.0 = Release|Any CPU
	EndGlobalSection
	GlobalSection(SolutionProperties) = preSolution
		HideSolutionNode = FALSE
	EndGlobalSection
EndGlobal
